
Microsoft Visual Studio Solution File, Format Version 12.00
# Visual Studio 14
VisualStudioVersion = 14.0.25420.1
MinimumVisualStudioVersion = 10.0.40219.1
Project("{8BC9CEB8-8B4A-11D0-8D11-00A0C91BC942}") = "Server", "OS№4\OS№4.vcxproj", "{6EA40F1E-14EF-45FF-B6B4-DED2C6139229}"
EndProject
Project("{8BC9CEB8-8B4A-11D0-8D11-00A0C91BC942}") = "Client", "Client\Client.vcxproj", "{22E06037-6D5A-4ABA-ABFA-8C7461F5554A}"
EndProject
Project("{8BC9CEB8-8B4A-11D0-8D11-00A0C91BC942}") = "Spamer", "Spamer\Spamer.vcxproj", "{322EC58C-DC67-4E0D-8CD5-F8510C380C15}"
EndProject
Global
	GlobalSection(SolutionConfigurationPlatforms) = preSolution
		Debug|x64 = Debug|x64
		Debug|x86 = Debug|x86
		Release|x64 = Release|x64
		Release|x86 = Release|x86
	EndGlobalSection
	GlobalSection(ProjectConfigurationPlatforms) = postSolution
		{6EA40F1E-14EF-45FF-B6B4-DED2C6139229}.Debug|x64.ActiveCfg = Debug|x64
		{6EA40F1E-14EF-45FF-B6B4-DED2C6139229}.Debug|x64.Build.0 = Debug|x64
		{6EA40F1E-14EF-45FF-B6B4-DED2C6139229}.Debug|x86.ActiveCfg = Debug|Win32
		{6EA40F1E-14EF-45FF-B6B4-DED2C6139229}.Debug|x86.Build.0 = Debug|Win32
		{6EA40F1E-14EF-45FF-B6B4-DED2C6139229}.Release|x64.ActiveCfg = Release|x64
		{6EA40F1E-14EF-45FF-B6B4-DED2C6139229}.Release|x64.Build.0 = Release|x64
		{6EA40F1E-14EF-45FF-B6B4-DED2C6139229}.Release|x86.ActiveCfg = Release|Win32
		{6EA40F1E-14EF-45FF-B6B4-DED2C6139229}.Release|x86.Build.0 = Release|Win32
		{22E06037-6D5A-4ABA-ABFA-8C7461F5554A}.Debug|x64.ActiveCfg = Debug|x64
		{22E06037-6D5A-4ABA-ABFA-8C7461F5554A}.Debug|x64.Build.0 = Debug|x64
		{22E06037-6D5A-4ABA-ABFA-8C7461F5554A}.Debug|x86.ActiveCfg = Debug|Win32
		{22E06037-6D5A-4ABA-ABFA-8C7461F5554A}.Debug|x86.Build.0 = Debug|Win32
		{22E06037-6D5A-4ABA-ABFA-8C7461F5554A}.Release|x64.ActiveCfg = Release|x64
		{22E06037-6D5A-4ABA-ABFA-8C7461F5554A}.Release|x64.Build.0 = Release|x64
		{22E06037-6D5A-4ABA-ABFA-8C7461F5554A}.Release|x86.ActiveCfg = Release|Win32
		{22E06037-6D5A-4ABA-ABFA-8C7461F5554A}.Release|x86.Build.0 = Release|Win32
		{322EC58C-DC67-4E0D-8CD5-F8510C380C15}.Debug|x64.ActiveCfg = Debug|x64
		{322EC58C-DC67-4E0D-8CD5-F8510C380C15}.Debug|x64.Build.0 = Debug|x64
		{322EC58C-DC67-4E0D-8CD5-F8510C380C15}.Debug|x86.ActiveCfg = Debug|Win32
		{322EC58C-DC67-4E0D-8CD5-F8510C380C15}.Debug|x86.Build.0 = Debug|Win32
		{322EC58C-DC67-4E0D-8CD5-F8510C380C15}.Release|x64.ActiveCfg = Release|x64
		{322EC58C-DC67-4E0D-8CD5-F8510C380C15}.Release|x64.Build.0 = Release|x64
		{322EC58C-DC67-4E0D-8CD5-F8510C380C15}.Release|x86.ActiveCfg = Release|Win32
		{322EC58C-DC67-4E0D-8CD5-F8510C380C15}.Release|x86.Build.0 = Release|Win32
	EndGlobalSection
	GlobalSection(SolutionProperties) = preSolution
		HideSolutionNode = FALSE
	EndGlobalSection
EndGlobal
